
Microsoft Visual Studio Solution File, Format Version 12.00
# Visual Studio 15
VisualStudioVersion = 15.0.28307.1401
MinimumVisualStudioVersion = 10.0.40219.1
Project("{FAE04EC0-301F-11D3-BF4B-00C04F79EFBC}") = "XChange.Api", "XChange.Api\XChange.Api.csproj", "{577BFAD4-D181-4A12-8B01-9DBD3FF0D04E}"
EndProject
Project("{FAE04EC0-301F-11D3-BF4B-00C04F79EFBC}") = "Utilities", "Utilities\Utilities.csproj", "{C1E88FBD-D499-4A1C-9064-75C6AEF47AF6}"
EndProject
Global
	GlobalSection(SolutionConfigurationPlatforms) = preSolution
		Debug|Any CPU = Debug|Any CPU
		Release|Any CPU = Release|Any CPU
	EndGlobalSection
	GlobalSection(ProjectConfigurationPlatforms) = postSolution
		{577BFAD4-D181-4A12-8B01-9DBD3FF0D04E}.Debug|Any CPU.ActiveCfg = Debug|Any CPU
		{577BFAD4-D181-4A12-8B01-9DBD3FF0D04E}.Debug|Any CPU.Build.0 = Debug|Any CPU
		{577BFAD4-D181-4A12-8B01-9DBD3FF0D04E}.Release|Any CPU.ActiveCfg = Release|Any CPU
		{577BFAD4-D181-4A12-8B01-9DBD3FF0D04E}.Release|Any CPU.Build.0 = Release|Any CPU
		{C1E88FBD-D499-4A1C-9064-75C6AEF47AF6}.Debug|Any CPU.ActiveCfg = Debug|Any CPU
		{C1E88FBD-D499-4A1C-9064-75C6AEF47AF6}.Debug|Any CPU.Build.0 = Debug|Any CPU
		{C1E88FBD-D499-4A1C-9064-75C6AEF47AF6}.Release|Any CPU.ActiveCfg = Release|Any CPU
		{C1E88FBD-D499-4A1C-9064-75C6AEF47AF6}.Release|Any CPU.Build.0 = Release|Any CPU
	EndGlobalSection
	GlobalSection(SolutionProperties) = preSolution
		HideSolutionNode = FALSE
	EndGlobalSection
	GlobalSection(ExtensibilityGlobals) = postSolution
		SolutionGuid = {46C90E04-4C25-4635-BFFB-C6C76E217F97}
	EndGlobalSection
EndGlobal
